# This file is automatically @generated by Cargo.
# It is not intended for manual editing.
version = 4

[[package]]
name = "arrayref"
version = "0.3.9"
source = "registry+https://github.com/rust-lang/crates.io-index"
checksum = "76a2e8124351fda1ef8aaaa3bbd7ebbcb486bbcd4225aca0aa0d84bb2db8fecb"

[[package]]
name = "arrayvec"
version = "0.7.8"
source = "registry+https://github.com/rust-lang/crates.io-index"
checksum = "d3fb67a6e08acf24fdeccbac2cb6ac4305825bd1f117462e0e6f2f193345ad56"

[[package]]
name = "autocfg"
version = "1.5.1"
source = "registry+https://github.com/rust-lang/crates.io-index"
checksum = "f2032f911046de80f0a198e0901378627c33f59ea0ac00e363d481118bd70a53"

[[package]]
name = "base16ct"
version = "0.2.0"
source = "registry+https://github.com/rust-lang/crates.io-index"
checksum = "4c7f02d4ea65f2c1853089ffd8d2787bdbc63de2f0d29dedbcf8ccdfa0ccd4cf"

[[package]]
name = "base64"
version = "0.22.1"
source = "registry+https://github.com/rust-lang/crates.io-index"
checksum = "72b3254f16251a8381aa12e40e3c4d2f0199f8c6508fbecb9d91f575e0fbb8c6"

[[package]]
name = "base64ct"
version = "1.8.3"
source = "registry+https://github.com/rust-lang/crates.io-index"
checksum = "2af50177e190e07a26ab74f8b1efbfe2ef87da2116221318cb1c2e82baf7de06"

[[package]]
name = "bincode"
version = "1.3.3"
source = "registry+https://github.com/rust-lang/crates.io-index"
checksum = "b1f45e9417d87227c7a56d22e471c6206462cba514c7590c09aff4cf6d1ddcad"
dependencies = [
 "serde",
]

[[package]]
name = "bitflags"
version = "2.13.1"
source = "registry+https://github.com/rust-lang/crates.io-index"
checksum = "b588b76d00fde79687d7646a9b5bdf3cc0f655e0bbd080335a95d7e96f3587da"
dependencies = [
 "serde_core",
]

[[package]]
name = "blake3"
version = "1.8.5"
source = "registry+https://github.com/rust-lang/crates.io-index"
checksum = "0aa83c34e62843d924f905e0f5c866eb1dd6545fc4d719e803d9ba6030371fce"
dependencies = [
 "arrayref",
 "arrayvec",
 "cc",
 "cfg-if",
 "constant_time_eq",
 "cpufeatures 0.3.0",
 "digest 0.11.3",
 "serde",
]

[[package]]
name = "block-buffer"
version = "0.10.4"
source = "registry+https://github.com/rust-lang/crates.io-index"
checksum = "3078c7629b62d3f0439517fa394996acacc5cbc91c5a20d8c658e77abd503a71"
dependencies = [
 "generic-array",
]

[[package]]
name = "block-buffer"
version = "0.12.1"
source = "registry+https://github.com/rust-lang/crates.io-index"
checksum = "d2f6c7dbe95a6ed67ad9f18e57daf93a2f034c524b99fd2b76d18fdfeb6660aa"
dependencies = [
 "hybrid-array",
]

[[package]]
name = "borsh"
version = "1.8.0"
source = "registry+https://github.com/rust-lang/crates.io-index"
checksum = "a88b7ea17d208c4193f2c1e6de3c35fe71f98c96982d5ced308bdcc749ff6e1f"
dependencies = [
 "borsh-derive",
 "bytes",
 "cfg_aliases",
]

[[package]]
name = "borsh-derive"
version = "1.8.0"
source = "registry+https://github.com/rust-lang/crates.io-index"
checksum = "d8f347189c62a579b8cd5f80714efa178f52e461dc2e6d701d264f5ff22e566c"
dependencies = [
 "once_cell",
 "proc-macro-crate",
 "proc-macro2",
 "quote",
 "syn 2.0.119",
]

[[package]]
name = "bs58"
version = "0.5.1"
source = "registry+https://github.com/rust-lang/crates.io-index"
checksum = "bf88ba1141d185c399bee5288d850d63b8369520c1eafc32a0430b5b6c287bf4"
dependencies = [
 "tinyvec",
]

[[package]]
name = "bumpalo"
version = "3.20.3"
source = "registry+https://github.com/rust-lang/crates.io-index"
checksum = "72f5acc6cb2ba439de613abc23857ec3d78374d8ed5ac84e9d11336e87da8649"

[[package]]
name = "bytemuck"
version = "1.25.2"
source = "registry+https://github.com/rust-lang/crates.io-index"
checksum = "95832e849adfb21180ccb6826a99da14e5d266ae5c2e668e1602cf234f153797"

[[package]]
name = "bytemuck_derive"
version = "1.11.0"
source = "registry+https://github.com/rust-lang/crates.io-index"
checksum = "f65693059b6b9c588b9f62fed1cedbf0a8b805631457ea162d68f0de186f3de5"
dependencies = [
 "proc-macro2",
 "quote",
 "syn 2.0.119",
]

[[package]]
name = "bytes"
version = "1.12.1"
source = "registry+https://github.com/rust-lang/crates.io-index"
checksum = "fc652a48c352aef3ea3aed32080501cf3ef6ed5da78602a020c991775b0aff04"

[[package]]
name = "cc"
version = "1.3.0"
source = "registry+https://github.com/rust-lang/crates.io-index"
checksum = "c89588d05638b5b4594a3348a2d6c20277e43a7f5c5202b05cc56888475a47b8"
dependencies = [
 "find-msvc-tools",
 "shlex",
]

[[package]]
name = "cfg-if"
version = "1.0.4"
source = "registry+https://github.com/rust-lang/crates.io-index"
checksum = "9330f8b2ff13f34540b44e946ef35111825727b38d33286ef986142615121801"

[[package]]
name = "cfg_aliases"
version = "0.2.2"
source = "registry+https://github.com/rust-lang/crates.io-index"
checksum = "f079e83a288787bcd14a6aea84cee5c87a67c5a3e660c30f557a3d24761b3527"

[[package]]
name = "cmov"
version = "0.5.4"
source = "registry+https://github.com/rust-lang/crates.io-index"
checksum = "0c9ea0ac24bc397ab3c98583a3c9ba74fa56b09a4449bbe172b9b1ddb016027a"

[[package]]
name = "console_error_panic_hook"
version = "0.1.7"
source = "registry+https://github.com/rust-lang/crates.io-index"
checksum = "a06aeb73f470f66dcdbf7223caeebb85984942f22f1adb2a088cf9668146bbbc"
dependencies = [
 "cfg-if",
 "wasm-bindgen",
]

[[package]]
name = "console_log"
version = "0.2.2"
source = "registry+https://github.com/rust-lang/crates.io-index"
checksum = "e89f72f65e8501878b8a004d5a1afb780987e2ce2b4532c562e367a72c57499f"
dependencies = [
 "log",
 "web-sys",
]

[[package]]
name = "const-oid"
version = "0.9.6"
source = "registry+https://github.com/rust-lang/crates.io-index"
checksum = "c2459377285ad874054d797f3ccebf984978aa39129f6eafde5cdc8315b612f8"

[[package]]
name = "constant_time_eq"
version = "0.4.2"
source = "registry+https://github.com/rust-lang/crates.io-index"
checksum = "3d52eff69cd5e647efe296129160853a42795992097e8af39800e1060caeea9b"

[[package]]
name = "cpufeatures"
version = "0.2.17"
source = "registry+https://github.com/rust-lang/crates.io-index"
checksum = "59ed5838eebb26a2bb2e58f6d5b5316989ae9d08bab10e0e6d103e656d1b0280"
dependencies = [
 "libc",
]

[[package]]
name = "cpufeatures"
version = "0.3.0"
source = "registry+https://github.com/rust-lang/crates.io-index"
checksum = "8b2a41393f66f16b0823bb79094d54ac5fbd34ab292ddafb9a0456ac9f87d201"
dependencies = [
 "libc",
]

[[package]]
name = "crypto-bigint"
version = "0.5.5"
source = "registry+https://github.com/rust-lang/crates.io-index"
checksum = "0dc92fb57ca44df6db8059111ab3af99a63d5d0f8375d9972e319a379c6bab76"
dependencies = [
 "generic-array",
 "rand_core",
 "subtle",
 "zeroize",
]

[[package]]
name = "crypto-common"
version = "0.1.7"
source = "registry+https://github.com/rust-lang/crates.io-index"
checksum = "78c8292055d1c1df0cce5d180393dc8cce0abec0a7102adb6c7b1eef6016d60a"
dependencies = [
 "generic-array",
 "typenum",
]

[[package]]
name = "crypto-common"
version = "0.2.2"
source = "registry+https://github.com/rust-lang/crates.io-index"
checksum = "ce6e4c961d6cd6c9a86db418387425e8bdeaf05b3c8bc1411e6dca4c252f1453"
dependencies = [
 "hybrid-array",
]

[[package]]
name = "ctutils"
version = "0.4.2"
source = "registry+https://github.com/rust-lang/crates.io-index"
checksum = "7d5515a3834141de9eafb9717ad39eea8247b5674e6066c404e8c4b365d2a29e"
dependencies = [
 "cmov",
]

[[package]]
name = "curve25519-dalek"
version = "4.1.3"
source = "registry+https://github.com/rust-lang/crates.io-index"
checksum = "97fb8b7c4503de7d6ae7b42ab72a5a59857b4c937ec27a3d4539dba95b5ab2be"
dependencies = [
 "cfg-if",
 "cpufeatures 0.2.17",
 "curve25519-dalek-derive",
 "fiat-crypto",
 "rustc_version",
 "subtle",
 "zeroize",
]

[[package]]
name = "curve25519-dalek-derive"
version = "0.1.1"
source = "registry+https://github.com/rust-lang/crates.io-index"
checksum = "f46882e17999c6cc590af592290432be3bce0428cb0d5f8b6715e4dc7b383eb3"
dependencies = [
 "proc-macro2",
 "quote",
 "syn 2.0.119",
]

[[package]]
name = "der"
version = "0.7.10"
source = "registry+https://github.com/rust-lang/crates.io-index"
checksum = "e7c1832837b905bbfb5101e07cc24c8deddf52f93225eee6ead5f4d63d53ddcb"
dependencies = [
 "const-oid",
 "zeroize",
]

[[package]]
name = "digest"
version = "0.10.7"
source = "registry+https://github.com/rust-lang/crates.io-index"
checksum = "9ed9a281f7bc9b7576e61468ba615a66a5c8cfdff42420a70aa82701a3b1e292"
dependencies = [
 "block-buffer 0.10.4",
 "const-oid",
 "crypto-common 0.1.7",
 "subtle",
]

[[package]]
name = "digest"
version = "0.11.3"
source = "registry+https://github.com/rust-lang/crates.io-index"
checksum = "f1dd6dbb5841937940781866fa1281a1ff7bd3bf827091440879f9994983d5c2"
dependencies = [
 "block-buffer 0.12.1",
 "crypto-common 0.2.2",
 "ctutils",
]

[[package]]
name = "ecdsa"
version = "0.16.9"
source = "registry+https://github.com/rust-lang/crates.io-index"
checksum = "ee27f32b5c5292967d2d4a9d7f1e0b0aed2c15daded5a60300e4abb9d8020bca"
dependencies = [
 "der",
 "digest 0.10.7",
 "elliptic-curve",
 "rfc6979",
 "signature",
 "spki",
]

[[package]]
name = "elliptic-curve"
version = "0.13.8"
source = "registry+https://github.com/rust-lang/crates.io-index"
checksum = "b5e6043086bf7973472e0c7dff2142ea0b680d30e18d9cc40f267efbf222bd47"
dependencies = [
 "base16ct",
 "crypto-bigint",
 "digest 0.10.7",
 "ff",
 "generic-array",
 "group",
 "pkcs8",
 "rand_core",
 "sec1",
 "subtle",
 "zeroize",
]

[[package]]
name = "equivalent"
version = "1.0.2"
source = "registry+https://github.com/rust-lang/crates.io-index"
checksum = "877a4ace8713b0bcf2a4e7eec82529c029f1d0619886d18145fea96c3ffe5c0f"

[[package]]
name = "ff"
version = "0.13.1"
source = "registry+https://github.com/rust-lang/crates.io-index"
checksum = "c0b50bfb653653f9ca9095b427bed08ab8d75a137839d9ad64eb11810d5b6393"
dependencies = [
 "rand_core",
 "subtle",
]

[[package]]
name = "fiat-crypto"
version = "0.2.9"
source = "registry+https://github.com/rust-lang/crates.io-index"
checksum = "28dea519a9695b9977216879a3ebfddf92f1c08c05d984f8996aecd6ecdc811d"

[[package]]
name = "find-msvc-tools"
version = "0.1.9"
source = "registry+https://github.com/rust-lang/crates.io-index"
checksum = "5baebc0774151f905a1a2cc41989300b1e6fbb29aff0ceffa1064fdd3088d582"

[[package]]
name = "five8_const"
version = "0.1.4"
source = "registry+https://github.com/rust-lang/crates.io-index"
checksum = "26dec3da8bc3ef08f2c04f61eab298c3ab334523e55f076354d6d6f613799a7b"
dependencies = [
 "five8_core",
]

[[package]]
name = "five8_core"
version = "0.1.2"
source = "registry+https://github.com/rust-lang/crates.io-index"
checksum = "2551bf44bc5f776c15044b9b94153a00198be06743e262afaaa61f11ac7523a5"

[[package]]
name = "futures-core"
version = "0.3.33"
source = "registry+https://github.com/rust-lang/crates.io-index"
checksum = "2cd50c473c80f6d7c3670a752354b8e569b1a7cbfdc0419ec88e5edad85e0dc7"

[[package]]
name = "futures-task"
version = "0.3.33"
source = "registry+https://github.com/rust-lang/crates.io-index"
checksum = "b231ed28831efb4a61a08580c4bc233ec56bc009f4cd8f52da2c3cb97df0c109"

[[package]]
name = "futures-util"
version = "0.3.33"
source = "registry+https://github.com/rust-lang/crates.io-index"
checksum = "a77a90a256fce34da66415271e30f94ee91c57b04b8a2c042d9cf3220179deaa"
dependencies = [
 "futures-core",
 "futures-task",
 "pin-project-lite",
 "slab",
]

[[package]]
name = "generic-array"
version = "0.14.7"
source = "registry+https://github.com/rust-lang/crates.io-index"
checksum = "85649ca51fd72272d7821adaf274ad91c288277713d9c18820d8499a7ff69e9a"
dependencies = [
 "typenum",
 "version_check",
 "zeroize",
]

[[package]]
name = "getrandom"
version = "0.2.17"
source = "registry+https://github.com/rust-lang/crates.io-index"
checksum = "ff2abc00be7fca6ebc474524697ae276ad847ad0a6b3faa4bcb027e9a4614ad0"
dependencies = [
 "cfg-if",
 "js-sys",
 "libc",
 "wasi",
 "wasm-bindgen",
]

[[package]]
name = "group"
version = "0.13.0"
source = "registry+https://github.com/rust-lang/crates.io-index"
checksum = "f0f9ef7462f7c099f518d754361858f86d8a07af53ba9af0fe635bbccb151a63"
dependencies = [
 "ff",
 "rand_core",
 "subtle",
]

[[package]]
name = "hashbrown"
version = "0.17.1"
source = "registry+https://github.com/rust-lang/crates.io-index"
checksum = "ed5909b6e89a2db4456e54cd5f673791d7eca6732202bbf2a9cc504fe2f9b84a"

[[package]]
name = "hmac"
version = "0.12.1"
source = "registry+https://github.com/rust-lang/crates.io-index"
checksum = "6c49c37c09c17a53d937dfbb742eb3a961d65a994e6bcdcf37e7399d0cc8ab5e"
dependencies = [
 "digest 0.10.7",
]

[[package]]
name = "hybrid-array"
version = "0.4.13"
source = "registry+https://github.com/rust-lang/crates.io-index"
checksum = "818356c5132c1fede50f837ca96afbe78ff42413047f4abb886217845e1b6c8c"
dependencies = [
 "typenum",
]

[[package]]
name = "indexmap"
version = "2.14.0"
source = "registry+https://github.com/rust-lang/crates.io-index"
checksum = "d466e9454f08e4a911e14806c24e16fba1b4c121d1ea474396f396069cf949d9"
dependencies = [
 "equivalent",
 "hashbrown",
]

[[package]]
name = "itoa"
version = "1.0.18"
source = "registry+https://github.com/rust-lang/crates.io-index"
checksum = "8f42a60cbdf9a97f5d2305f08a87dc4e09308d1276d28c869c684d7777685682"

[[package]]
name = "js-sys"
version = "0.3.103"
source = "registry+https://github.com/rust-lang/crates.io-index"
checksum = "53b44bfcdb3f8d5837a46dae1ca9660a837176eee74a28b229bc626816589102"
dependencies = [
 "cfg-if",
 "futures-util",
 "wasm-bindgen",
]

[[package]]
name = "k256"
version = "0.13.4"
source = "registry+https://github.com/rust-lang/crates.io-index"
checksum = "f6e3919bbaa2945715f0bb6d3934a173d1e9a59ac23767fbaaef277265a7411b"
dependencies = [
 "cfg-if",
 "ecdsa",
 "elliptic-curve",
 "once_cell",
 "sha2",
 "signature",
]

[[package]]
name = "keccak"
version = "0.1.6"
source = "registry+https://github.com/rust-lang/crates.io-index"
checksum = "cb26cec98cce3a3d96cbb7bced3c4b16e3d13f27ec56dbd62cbc8f39cfb9d653"
dependencies = [
 "cpufeatures 0.2.17",
]

[[package]]
name = "libc"
version = "0.2.189"
source = "registry+https://github.com/rust-lang/crates.io-index"
checksum = "3eaf3ede3fee6db1a4c2ee091bf8a8b4dccdc6d17f656fb07896ee72867612f2"

[[package]]
name = "lock_api"
version = "0.4.14"
source = "registry+https://github.com/rust-lang/crates.io-index"
checksum = "224399e74b87b5f3557511d98dff8b14089b3dadafcab6bb93eab67d3aace965"
dependencies = [
 "scopeguard",
]

[[package]]
name = "log"
version = "0.4.33"
source = "registry+https://github.com/rust-lang/crates.io-index"
checksum = "0ceec5bc11778974d1bcb055b18002eba7f4b3518b6a0081b3af5f21666da9ad"

[[package]]
name = "memchr"
version = "2.8.3"
source = "registry+https://github.com/rust-lang/crates.io-index"
checksum = "cf8baf1c55e62ffcace7a9f06f4bd9cd3f0c4beb022d3b367256b91b87513d98"

[[package]]
name = "memoffset"
version = "0.9.1"
source = "registry+https://github.com/rust-lang/crates.io-index"
checksum = "488016bfae457b036d996092f6cb448677611ce4449e970ceaf42695203f218a"
dependencies = [
 "autocfg",
]

[[package]]
name = "num-traits"
version = "0.2.19"
source = "registry+https://github.com/rust-lang/crates.io-index"
checksum = "071dfc062690e90b734c0b2273ce72ad0ffa95f0c74596bc250dcfd960262841"
dependencies = [
 "autocfg",
]

[[package]]
name = "once_cell"
version = "1.21.4"
source = "registry+https://github.com/rust-lang/crates.io-index"
checksum = "9f7c3e4beb33f85d45ae3e3a1792185706c8e16d043238c593331cc7cd313b50"

[[package]]
name = "parking_lot"
version = "0.12.5"
source = "registry+https://github.com/rust-lang/crates.io-index"
checksum = "93857453250e3077bd71ff98b6a65ea6621a19bb0f559a85248955ac12c45a1a"
dependencies = [
 "lock_api",
 "parking_lot_core",
]

[[package]]
name = "parking_lot_core"
version = "0.9.12"
source = "registry+https://github.com/rust-lang/crates.io-index"
checksum = "2621685985a2ebf1c516881c026032ac7deafcda1a2c9b7850dc81e3dfcb64c1"
dependencies = [
 "cfg-if",
 "libc",
 "redox_syscall",
 "smallvec",
 "windows-link",
]

[[package]]
name = "pin-project-lite"
version = "0.2.17"
source = "registry+https://github.com/rust-lang/crates.io-index"
checksum = "a89322df9ebe1c1578d689c92318e070967d1042b512afbe49518723f4e6d5cd"

[[package]]
name = "pkcs8"
version = "0.10.2"
source = "registry+https://github.com/rust-lang/crates.io-index"
checksum = "f950b2377845cebe5cf8b5165cb3cc1a5e0fa5cfa3e1f7f55707d8fd82e0a7b7"
dependencies = [
 "der",
 "spki",
]

[[package]]
name = "polkavm-common"
version = "0.26.0"
source = "registry+https://github.com/rust-lang/crates.io-index"
checksum = "49a5794b695626ba70d29e66e3f4f4835767452a6723f3a0bc20884b07088fe8"

[[package]]
name = "polkavm-derive"
version = "0.26.0"
source = "registry+https://github.com/rust-lang/crates.io-index"
checksum = "95282a203ae1f6828a04ff334145c3f6dc718bba6d3959805d273358b45eab93"
dependencies = [
 "polkavm-derive-impl-macro",
]

[[package]]
name = "polkavm-derive-impl"
version = "0.26.0"
source = "registry+https://github.com/rust-lang/crates.io-index"
checksum = "6069dc7995cde6e612b868a02ce48b54397c6d2582bd1b97b63aabbe962cd779"
dependencies = [
 "polkavm-common",
 "proc-macro2",
 "quote",
 "syn 2.0.119",
]

[[package]]
name = "polkavm-derive-impl-macro"
version = "0.26.0"
source = "registry+https://github.com/rust-lang/crates.io-index"
checksum = "581d34cafec741dc5ffafbb341933c205b6457f3d76257a9d99fb56687219c91"
dependencies = [
 "polkavm-derive-impl",
 "syn 2.0.119",
]

[[package]]
name = "proc-macro-crate"
version = "3.5.0"
source = "registry+https://github.com/rust-lang/crates.io-index"
checksum = "e67ba7e9b2b56446f1d419b1d807906278ffa1a658a8a5d8a39dcb1f5a78614f"
dependencies = [
 "toml_edit",
]

[[package]]
name = "proc-macro2"
version = "1.0.107"
source = "registry+https://github.com/rust-lang/crates.io-index"
checksum = "985e7ec9bb745e6ce6535b544d84d6cd6f7ad8bd711c398938ae983b91a766d9"
dependencies = [
 "unicode-ident",
]

[[package]]
name = "quote"
version = "1.0.47"
source = "registry+https://github.com/rust-lang/crates.io-index"
checksum = "1fbf4db142a473a8d80c26bbf18454ed458bf8d26c8219c331daecfdbd079001"
dependencies = [
 "proc-macro2",
]

[[package]]
name = "rand_core"
version = "0.6.4"
source = "registry+https://github.com/rust-lang/crates.io-index"
checksum = "ec0be4795e2f6a28069bec0b5ff3e2ac9bafc99e6a9a7dc3547996c5c816922c"
dependencies = [
 "getrandom",
]

[[package]]
name = "redox_syscall"
version = "0.5.18"
source = "registry+https://github.com/rust-lang/crates.io-index"
checksum = "ed2bf2547551a7053d6fdfafda3f938979645c44812fbfcda098faae3f1a362d"
dependencies = [
 "bitflags",
]

[[package]]
name = "rfc6979"
version = "0.4.0"
source = "registry+https://github.com/rust-lang/crates.io-index"
checksum = "f8dd2a808d456c4a54e300a23e9f5a67e122c3024119acbfd73e3bf664491cb2"
dependencies = [
 "hmac",
 "subtle",
]

[[package]]
name = "rialo-atomic-u64"
version = "0.12.2"
source = "registry+https://github.com/rust-lang/crates.io-index"
checksum = "37dc10c7d465525bf00bf583529f44a6fe81c15db81bbc7df1e83fac17767516"
dependencies = [
 "parking_lot",
]

[[package]]
name = "rialo-hash"
version = "0.12.2"
source = "registry+https://github.com/rust-lang/crates.io-index"
checksum = "255a175e8bd541e4f42ce598193ea049fec4320619ead91839473831ad00f05d"
dependencies = [
 "borsh",
 "bs58",
 "bytemuck",
 "bytemuck_derive",
 "js-sys",
 "rialo-atomic-u64",
 "rialo-sanitize",
 "serde",
 "serde_derive",
 "wasm-bindgen",
]

[[package]]
name = "rialo-s-account-info"
version = "0.12.2"
source = "registry+https://github.com/rust-lang/crates.io-index"
checksum = "65ae1c53e130f2d0b73a89aeefdd78526dcc92aea06c25e2566402b367a8f03d"
dependencies = [
 "bincode",
 "rialo-s-define-syscall",
 "rialo-s-program-error",
 "rialo-s-program-memory",
 "rialo-s-pubkey",
 "serde",
]

[[package]]
name = "rialo-s-bincode"
version = "0.12.2"
source = "registry+https://github.com/rust-lang/crates.io-index"
checksum = "a315bc380c57fa9b7227ff2604c599650fcfd62a077a109b036d52792e58796b"
dependencies = [
 "bincode",
 "rialo-s-instruction",
 "serde",
]

[[package]]
name = "rialo-s-clock"
version = "0.12.2"
source = "registry+https://github.com/rust-lang/crates.io-index"
checksum = "c084033edf821f919b70e1c8716b8aa098685d5d7366e08aedea25b2b4f2ed85"
dependencies = [
 "rialo-s-sdk-ids",
 "rialo-s-sdk-macro",
 "rialo-s-sysvar-id",
 "serde",
 "serde_derive",
]

[[package]]
name = "rialo-s-cpi"
version = "0.12.2"
source = "registry+https://github.com/rust-lang/crates.io-index"
checksum = "ba840f4e56f1fc8dc94d08e95d989f20dd6a6bd057bb7ff5352ae48491c04fa6"
dependencies = [
 "rialo-s-account-info",
 "rialo-s-define-syscall",
 "rialo-s-instruction",
 "rialo-s-program-error",
 "rialo-s-pubkey",
 "rialo-s-stable-layout",
]

[[package]]
name = "rialo-s-decode-error"
version = "0.12.2"
source = "registry+https://github.com/rust-lang/crates.io-index"
checksum = "597652cbd230fc67aacf7963d114c8580dde05d61bc1e89694c2e485ee54f470"
dependencies = [
 "num-traits",
]

[[package]]
name = "rialo-s-define-syscall"
version = "0.12.2"
source = "registry+https://github.com/rust-lang/crates.io-index"
checksum = "e0dd339027428dba82c89941e2e58345b1f6c198db660b6e6eeeca991b3433b2"
dependencies = [
 "polkavm-derive",
]

[[package]]
name = "rialo-s-epoch-schedule"
version = "0.12.2"
source = "registry+https://github.com/rust-lang/crates.io-index"
checksum = "05ffc75be577ce788ff32e6a644e86b91ec4f8d71561e4b17edf520a4d16a0dd"
dependencies = [
 "rialo-s-sdk-ids",
 "rialo-s-sdk-macro",
 "rialo-s-sysvar-id",
 "serde",
 "serde_derive",
]

[[package]]
name = "rialo-s-example-mocks"
version = "0.12.2"
source = "registry+https://github.com/rust-lang/crates.io-index"
checksum = "da81a8f669db2b398f9614f4e4057f8d9c00eb621367766621f44e2b9e045a18"
dependencies = [
 "rialo-hash",
 "rialo-s-clock",
 "rialo-s-instruction",
 "rialo-s-keccak-hasher",
 "rialo-s-message",
 "rialo-s-nonce",
 "rialo-s-pubkey",
 "rialo-s-sdk-ids",
 "rialo-s-system-interface",
 "serde",
 "thiserror",
]

[[package]]
name = "rialo-s-fee-calculator"
version = "0.12.2"
source = "registry+https://github.com/rust-lang/crates.io-index"
checksum = "594ccdebe10e6002e218c10183429377cf9e64772bd0436beace28e7e462015a"
dependencies = [
 "log",
 "serde",
 "serde_derive",
]

[[package]]
name = "rialo-s-instruction"
version = "0.12.2"
source = "registry+https://github.com/rust-lang/crates.io-index"
checksum = "bf570d01523b786ae5dbed6835616cae54d5c73d1b53d73c98e736c4f2c92289"
dependencies = [
 "bincode",
 "borsh",
 "getrandom",
 "js-sys",
 "num-traits",
 "rialo-s-define-syscall",
 "rialo-s-pubkey",
 "serde",
 "serde_derive",
 "wasm-bindgen",
]

[[package]]
name = "rialo-s-instructions-sysvar"
version = "0.12.2"
source = "registry+https://github.com/rust-lang/crates.io-index"
checksum = "43cd454072e5d0ea4c84191ca060f98efb9b43026fa75d244cef555b052641ec"
dependencies = [
 "bitflags",
 "rialo-s-account-info",
 "rialo-s-instruction",
 "rialo-s-program-error",
 "rialo-s-pubkey",
 "rialo-s-sdk-ids",
 "rialo-s-serialize-utils",
 "rialo-s-sysvar-id",
 "rialo-sanitize",
]

[[package]]
name = "rialo-s-keccak-hasher"
version = "0.12.2"
source = "registry+https://github.com/rust-lang/crates.io-index"
checksum = "9f3e5f90119ba2048ddba8a80c0238348b06ee0c67ebf6fc030f8111d0491d94"
dependencies = [
 "rialo-hash",
 "rialo-s-define-syscall",
 "rialo-sanitize",
 "sha3",
]

[[package]]
name = "rialo-s-message"
version = "0.12.2"
source = "registry+https://github.com/rust-lang/crates.io-index"
checksum = "6a3e7c63cc18f66968900c4016cc758994d710c4de0a75ad4a8a605d5f8e4cd5"
dependencies = [
 "bincode",
 "blake3",
 "rialo-hash",
 "rialo-s-bincode",
 "rialo-s-instruction",
 "rialo-s-pubkey",
 "rialo-s-sdk-ids",
 "rialo-s-short-vec",
 "rialo-s-system-interface",
 "rialo-s-transaction-error",
 "rialo-sanitize",
 "serde",
 "serde_derive",
 "wasm-bindgen",
]

[[package]]
name = "rialo-s-msg"
version = "0.12.2"
source = "registry+https://github.com/rust-lang/crates.io-index"
checksum = "bfdc9e30802323e17546febc52e471dcfa23add84f000c40f3bd8440c7a760e4"
dependencies = [
 "rialo-s-define-syscall",
]

[[package]]
name = "rialo-s-native-token"
version = "0.12.2"
source = "registry+https://github.com/rust-lang/crates.io-index"
checksum = "b95b32e31190f0355748bf0533294e7bcddb0dd9b07c44c1fe4b5992b094590a"

[[package]]
name = "rialo-s-nonce"
version = "0.12.2"
source = "registry+https://github.com/rust-lang/crates.io-index"
checksum = "bf004fc507adc38e32017d6971dc6f5119ccaa8f2e0e7f0f18a97a6aa23c937b"
dependencies = [
 "rialo-hash",
 "rialo-s-fee-calculator",
 "rialo-s-pubkey",
 "rialo-s-sha256-hasher",
 "serde",
 "serde_derive",
]

[[package]]
name = "rialo-s-program"
version = "0.12.2"
source = "registry+https://github.com/rust-lang/crates.io-index"
checksum = "024f641d42efb8cdd1b45fbe7e4c2a14133953f1b55c9dbc7e4e90ec1fe7b60a"
dependencies = [
 "borsh",
 "console_error_panic_hook",
 "console_log",
 "getrandom",
 "log",
 "memoffset",
 "rialo-hash",
 "rialo-s-account-info",
 "rialo-s-bincode",
 "rialo-s-clock",
 "rialo-s-cpi",
 "rialo-s-decode-error",
 "rialo-s-define-syscall",
 "rialo-s-epoch-schedule",
 "rialo-s-example-mocks",
 "rialo-s-fee-calculator",
 "rialo-s-instruction",
 "rialo-s-instructions-sysvar",
 "rialo-s-keccak-hasher",
 "rialo-s-message",
 "rialo-s-msg",
 "rialo-s-native-token",
 "rialo-s-nonce",
 "rialo-s-program-entrypoint",
 "rialo-s-program-error",
 "rialo-s-program-memory",
 "rialo-s-program-option",
 "rialo-s-pubkey",
 "rialo-s-rent",
 "rialo-s-sdk-ids",
 "rialo-s-secp256k1-recover",
 "rialo-s-serialize-utils",
 "rialo-s-sha256-hasher",
 "rialo-s-short-vec",
 "rialo-s-stable-layout",
 "rialo-s-system-interface",
 "rialo-s-sysvar",
 "rialo-s-sysvar-id",
 "rialo-sanitize",
 "wasm-bindgen",
]

[[package]]
name = "rialo-s-program-entrypoint"
version = "0.12.2"
source = "registry+https://github.com/rust-lang/crates.io-index"
checksum = "21824752a9adfd2d4ed8a1b1779965fcdd006c9ae79c75f8d6c36cbfd36010bf"
dependencies = [
 "bytemuck",
 "polkavm-derive",
 "rialo-s-account-info",
 "rialo-s-msg",
 "rialo-s-program-error",
 "rialo-s-pubkey",
]

[[package]]
name = "rialo-s-program-error"
version = "0.12.2"
source = "registry+https://github.com/rust-lang/crates.io-index"
checksum = "5492231c6b8195cf215cf24ad57cdc3342237e613601ec82bbfb7fbb3e2afccb"
dependencies = [
 "borsh",
 "num-traits",
 "rialo-s-decode-error",
 "rialo-s-instruction",
 "rialo-s-msg",
 "rialo-s-pubkey",
 "serde",
 "serde_derive",
]

[[package]]
name = "rialo-s-program-memory"
version = "0.12.2"
source = "registry+https://github.com/rust-lang/crates.io-index"
checksum = "1bc0956dccb7ac83d68474996d0b8e46ac7b40f2a8930709e39b784bfaaf1892"
dependencies = [
 "num-traits",
 "rialo-s-define-syscall",
]

[[package]]
name = "rialo-s-program-option"
version = "0.12.2"
source = "registry+https://github.com/rust-lang/crates.io-index"
checksum = "2097360c6c74931e0c77044178745b240db362eb497e5ec73326dd6716d6cb9b"

[[package]]
name = "rialo-s-pubkey"
version = "0.12.2"
source = "registry+https://github.com/rust-lang/crates.io-index"
checksum = "fde0ef6af559a70f634505d7d9fdf571133c1cce8a2b59fa7ddfd84f3f1cbeae"
dependencies = [
 "borsh",
 "bs58",
 "bytemuck",
 "bytemuck_derive",
 "curve25519-dalek",
 "five8_const",
 "getrandom",
 "js-sys",
 "num-traits",
 "rialo-atomic-u64",
 "rialo-s-decode-error",
 "rialo-s-define-syscall",
 "rialo-s-sha256-hasher",
 "rialo-sanitize",
 "serde",
 "serde_derive",
 "wasm-bindgen",
]

[[package]]
name = "rialo-s-rent"
version = "0.12.2"
source = "registry+https://github.com/rust-lang/crates.io-index"
checksum = "fbd49b7e9075091a9f78a83a6be2bb45c6c3e66019766fdbdadff668d21256ae"
dependencies = [
 "rialo-s-sdk-ids",
 "rialo-s-sdk-macro",
 "rialo-s-sysvar-id",
 "serde",
 "serde_derive",
]

[[package]]
name = "rialo-s-sdk-ids"
version = "0.12.2"
source = "registry+https://github.com/rust-lang/crates.io-index"
checksum = "db84d4b24dcafaa830786302328bd8cd46eaf5399c2fc0fe057c1fdbbf02c1e7"
dependencies = [
 "rialo-s-pubkey",
]

[[package]]
name = "rialo-s-sdk-macro"
version = "0.12.2"
source = "registry+https://github.com/rust-lang/crates.io-index"
checksum = "79ae1432ba00fbff9f8c53ba1fb4c14c77d10c5cd4e9d625676c2cc6bb6ffa09"
dependencies = [
 "bs58",
 "proc-macro2",
 "quote",
 "syn 2.0.119",
]

[[package]]
name = "rialo-s-secp256k1-recover"
version = "0.12.2"
source = "registry+https://github.com/rust-lang/crates.io-index"
checksum = "967e65d433c97aa4feee544555c314388a70120fb4165b703737368168a52190"
dependencies = [
 "k256",
 "rialo-s-define-syscall",
 "thiserror",
]

[[package]]
name = "rialo-s-serialize-utils"
version = "0.12.2"
source = "registry+https://github.com/rust-lang/crates.io-index"
checksum = "93134e43b4764d5e7312d42eea29405324c0dab35a2c373cc8fd5e6f7440becb"
dependencies = [
 "rialo-s-instruction",
 "rialo-s-pubkey",
 "rialo-sanitize",
]

[[package]]
name = "rialo-s-sha256-hasher"
version = "0.12.2"
source = "registry+https://github.com/rust-lang/crates.io-index"
checksum = "e9ba5631129707787dd23987def4739d9b068f71c515c55b303ec29b82408d3a"
dependencies = [
 "rialo-hash",
 "rialo-s-define-syscall",
 "sha2",
]

[[package]]
name = "rialo-s-short-vec"
version = "0.12.2"
source = "registry+https://github.com/rust-lang/crates.io-index"
checksum = "f035cf88bfb0a721fd949d3b7c81887036e0825e9616a9452305f10a9ad506af"
dependencies = [
 "serde",
]

[[package]]
name = "rialo-s-stable-layout"
version = "0.12.2"
source = "registry+https://github.com/rust-lang/crates.io-index"
checksum = "c5ec68d39c76de70616342ca3916bb93e5cec7f99e26b6df6d574f6b316764a2"
dependencies = [
 "rialo-s-instruction",
 "rialo-s-pubkey",
]

[[package]]
name = "rialo-s-system-interface"
version = "0.12.2"
source = "registry+https://github.com/rust-lang/crates.io-index"
checksum = "23ef92b2a803a0abc8b51fcf57cf669d0031613ef0b14ed8907867e0100546e5"
dependencies = [
 "js-sys",
 "num-traits",
 "rialo-s-decode-error",
 "rialo-s-instruction",
 "rialo-s-pubkey",
 "serde",
 "serde_derive",
 "wasm-bindgen",
]

[[package]]
name = "rialo-s-sysvar"
version = "0.12.2"
source = "registry+https://github.com/rust-lang/crates.io-index"
checksum = "d18040411b0e62ee70cf1586488c098dc642118bb56aef221453a6c8631857ce"
dependencies = [
 "base64",
 "bincode",
 "bytemuck",
 "bytemuck_derive",
 "rialo-hash",
 "rialo-s-account-info",
 "rialo-s-clock",
 "rialo-s-define-syscall",
 "rialo-s-epoch-schedule",
 "rialo-s-fee-calculator",
 "rialo-s-instruction",
 "rialo-s-program-entrypoint",
 "rialo-s-program-error",
 "rialo-s-program-memory",
 "rialo-s-pubkey",
 "rialo-s-rent",
 "rialo-s-sdk-ids",
 "rialo-s-sdk-macro",
 "rialo-s-sysvar-id",
 "serde",
 "serde_derive",
]

[[package]]
name = "rialo-s-sysvar-id"
version = "0.12.2"
source = "registry+https://github.com/rust-lang/crates.io-index"
checksum = "49cb67f055ff73ec7aebeb2cc854572da14b3dbfdd769f0e5b8f7bf6eaacc84b"
dependencies = [
 "rialo-s-pubkey",
 "rialo-s-sdk-ids",
]

[[package]]
name = "rialo-s-transaction-error"
version = "0.12.2"
source = "registry+https://github.com/rust-lang/crates.io-index"
checksum = "d24bd909c829849d91be1d2366305d4135b26aeb6661199fa4c36413e04a6e4c"
dependencies = [
 "rialo-s-instruction",
 "rialo-sanitize",
]

[[package]]
name = "rialo-sanitize"
version = "0.12.2"
source = "registry+https://github.com/rust-lang/crates.io-index"
checksum = "88b755961194fee8083448703b5dae3f614e3dbf7e722b3c51f94505e71b9bf2"

[[package]]
name = "rustc_version"
version = "0.4.1"
source = "registry+https://github.com/rust-lang/crates.io-index"
checksum = "cfcb3a22ef46e85b45de6ee7e79d063319ebb6594faafcf1c225ea92ab6e9b92"
dependencies = [
 "semver",
]

[[package]]
name = "rustversion"
version = "1.0.23"
source = "registry+https://github.com/rust-lang/crates.io-index"
checksum = "cf54715a573b99ac80df0bc206da022bcd442c974952c7b9720069370852e21f"

[[package]]
name = "scopeguard"
version = "1.2.0"
source = "registry+https://github.com/rust-lang/crates.io-index"
checksum = "94143f37725109f92c262ed2cf5e59bce7498c01bcc1502d7b9afe439a4e9f49"

[[package]]
name = "sec1"
version = "0.7.3"
source = "registry+https://github.com/rust-lang/crates.io-index"
checksum = "d3e97a565f76233a6003f9f5c54be1d9c5bdfa3eccfb189469f11ec4901c47dc"
dependencies = [
 "base16ct",
 "der",
 "generic-array",
 "pkcs8",
 "subtle",
 "zeroize",
]

[[package]]
name = "semver"
version = "1.0.28"
source = "registry+https://github.com/rust-lang/crates.io-index"
checksum = "8a7852d02fc848982e0c167ef163aaff9cd91dc640ba85e263cb1ce46fae51cd"

[[package]]
name = "serde"
version = "1.0.229"
source = "registry+https://github.com/rust-lang/crates.io-index"
checksum = "4148590afebada386688f18773da617792bf2ef03ffc1e4cbd2b1d45b023e0ba"
dependencies = [
 "serde_core",
 "serde_derive",
]

[[package]]
name = "serde_core"
version = "1.0.229"
source = "registry+https://github.com/rust-lang/crates.io-index"
checksum = "67dca2c9c51e58a4791a4b1ed58308b39c64224d349a935ab5039aa360942a48"
dependencies = [
 "serde_derive",
]

[[package]]
name = "serde_derive"
version = "1.0.229"
source = "registry+https://github.com/rust-lang/crates.io-index"
checksum = "e7a5d71263a5a7d47b41f6b3f06ba276f10cc18b0931f1799f710578e2309348"
dependencies = [
 "proc-macro2",
 "quote",
 "syn 3.0.3",
]

[[package]]
name = "serde_json"
version = "1.0.151"
source = "registry+https://github.com/rust-lang/crates.io-index"
checksum = "c841b55ecdae098c80dcae9cf767f6f8a0c2cdb3416bbef72181df4d0fe73f14"
dependencies = [
 "itoa",
 "memchr",
 "serde",
 "serde_core",
 "zmij",
]

[[package]]
name = "sha2"
version = "0.10.9"
source = "registry+https://github.com/rust-lang/crates.io-index"
checksum = "a7507d819769d01a365ab707794a4084392c824f54a7a6a7862f8c3d0892b283"
dependencies = [
 "cfg-if",
 "cpufeatures 0.2.17",
 "digest 0.10.7",
]

[[package]]
name = "sha3"
version = "0.10.9"
source = "registry+https://github.com/rust-lang/crates.io-index"
checksum = "77fd7028345d415a4034cf8777cd4f8ab1851274233b45f84e3d955502d93874"
dependencies = [
 "digest 0.10.7",
 "keccak",
]

[[package]]
name = "shlex"
version = "2.0.1"
source = "registry+https://github.com/rust-lang/crates.io-index"
checksum = "f8fadd59c855ef2080decdef8ff161eb6661b86933c9d82e5ba29dc602a55aba"

[[package]]
name = "signature"
version = "2.2.0"
source = "registry+https://github.com/rust-lang/crates.io-index"
checksum = "77549399552de45a898a580c1b41d445bf730df867cc44e6c0233bbc4b8329de"
dependencies = [
 "digest 0.10.7",
 "rand_core",
]

[[package]]
name = "slab"
version = "0.4.12"
source = "registry+https://github.com/rust-lang/crates.io-index"
checksum = "0c790de23124f9ab44544d7ac05d60440adc586479ce501c1d6d7da3cd8c9cf5"

[[package]]
name = "smallvec"
version = "1.15.2"
source = "registry+https://github.com/rust-lang/crates.io-index"
checksum = "8ed6a63f02c8539c91a8685a86f4099661ba3da017932f6ebbea6de3f0fa7c90"

[[package]]
name = "spki"
version = "0.7.3"
source = "registry+https://github.com/rust-lang/crates.io-index"
checksum = "d91ed6c858b01f942cd56b37a94b3e0a1798290327d1236e4d9cf4eaca44d29d"
dependencies = [
 "base64ct",
 "der",
]

[[package]]
name = "subpay-core"
version = "0.1.0"
dependencies = [
 "borsh",
 "rialo-s-program",
 "thiserror",
]

[[package]]
name = "subtle"
version = "2.6.1"
source = "registry+https://github.com/rust-lang/crates.io-index"
checksum = "13c2bddecc57b384dee18652358fb23172facb8a2c51ccc10d74c157bdea3292"

[[package]]
name = "syn"
version = "2.0.119"
source = "registry+https://github.com/rust-lang/crates.io-index"
checksum = "872831b642d1a07999a962a351ed35b955ea2cfc8f3862091e2a240a84f17297"
dependencies = [
 "proc-macro2",
 "quote",
 "unicode-ident",
]

[[package]]
name = "syn"
version = "3.0.3"
source = "registry+https://github.com/rust-lang/crates.io-index"
checksum = "53e9bae58849f64dfa4f5d5ae372c8341f7305f82a3868709269343628b659a3"
dependencies = [
 "proc-macro2",
 "quote",
 "unicode-ident",
]

[[package]]
name = "thiserror"
version = "1.0.69"
source = "registry+https://github.com/rust-lang/crates.io-index"
checksum = "b6aaf5339b578ea85b50e080feb250a3e8ae8cfcdff9a461c9ec2904bc923f52"
dependencies = [
 "thiserror-impl",
]

[[package]]
name = "thiserror-impl"
version = "1.0.69"
source = "registry+https://github.com/rust-lang/crates.io-index"
checksum = "4fee6c4efc90059e10f81e6d42c60a18f76588c3d74cb83a0b242a2b6c7504c1"
dependencies = [
 "proc-macro2",
 "quote",
 "syn 2.0.119",
]

[[package]]
name = "tinyvec"
version = "1.12.0"
source = "registry+https://github.com/rust-lang/crates.io-index"
checksum = "bb4ebadaa0af04fab11ae01eb5f9fdb5f9c5b875506e210e71c07873528baa7f"
dependencies = [
 "tinyvec_macros",
]

[[package]]
name = "tinyvec_macros"
version = "0.1.1"
source = "registry+https://github.com/rust-lang/crates.io-index"
checksum = "1f3ccbac311fea05f86f61904b462b55fb3df8837a366dfc601a0161d0532f20"

[[package]]
name = "toml_datetime"
version = "1.1.1+spec-1.1.0"
source = "registry+https://github.com/rust-lang/crates.io-index"
checksum = "3165f65f62e28e0115a00b2ebdd37eb6f3b641855f9d636d3cd4103767159ad7"
dependencies = [
 "serde_core",
]

[[package]]
name = "toml_edit"
version = "0.25.13+spec-1.1.0"
source = "registry+https://github.com/rust-lang/crates.io-index"
checksum = "6975367e4d2ef766d86af01ffad14b622fecc8d4357a998fbc4deb6e9bacaf9b"
dependencies = [
 "indexmap",
 "toml_datetime",
 "toml_parser",
 "winnow",
]

[[package]]
name = "toml_parser"
version = "1.1.2+spec-1.1.0"
source = "registry+https://github.com/rust-lang/crates.io-index"
checksum = "a2abe9b86193656635d2411dc43050282ca48aa31c2451210f4202550afb7526"
dependencies = [
 "winnow",
]

[[package]]
name = "typenum"
version = "1.20.1"
source = "registry+https://github.com/rust-lang/crates.io-index"
checksum = "b6f5e870be6c3b371b77fe0ee0bafb859fa4964b4404c27de1d380043c4dda20"

[[package]]
name = "unicode-ident"
version = "1.0.24"
source = "registry+https://github.com/rust-lang/crates.io-index"
checksum = "e6e4313cd5fcd3dad5cafa179702e2b244f760991f45397d14d4ebf38247da75"

[[package]]
name = "version_check"
version = "0.9.5"
source = "registry+https://github.com/rust-lang/crates.io-index"
checksum = "0b928f33d975fc6ad9f86c8f283853ad26bdd5b10b7f1542aa2fa15e2289105a"

[[package]]
name = "wasi"
version = "0.11.1+wasi-snapshot-preview1"
source = "registry+https://github.com/rust-lang/crates.io-index"
checksum = "ccf3ec651a847eb01de73ccad15eb7d99f80485de043efb2f370cd654f4ea44b"

[[package]]
name = "wasm-bindgen"
version = "0.2.126"
source = "registry+https://github.com/rust-lang/crates.io-index"
checksum = "4b067c0c11094aef6b7a801c1e34a26affafdf3d051dba08456b868789aaf9a4"
dependencies = [
 "cfg-if",
 "once_cell",
 "rustversion",
 "serde",
 "serde_json",
 "wasm-bindgen-macro",
 "wasm-bindgen-shared",
]

[[package]]
name = "wasm-bindgen-macro"
version = "0.2.126"
source = "registry+https://github.com/rust-lang/crates.io-index"
checksum = "167ce5e579f6bcf889c4f7175a8a5a585de84e8ff93976ce393efa5f2837aab1"
dependencies = [
 "quote",
 "wasm-bindgen-macro-support",
]

[[package]]
name = "wasm-bindgen-macro-support"
version = "0.2.126"
source = "registry+https://github.com/rust-lang/crates.io-index"
checksum = "f3997c7839262f4ef12cf90b818d6340c18e80f263f1a94bf157d0ec4420380e"
dependencies = [
 "bumpalo",
 "proc-macro2",
 "quote",
 "syn 2.0.119",
 "wasm-bindgen-shared",
]

[[package]]
name = "wasm-bindgen-shared"
version = "0.2.126"
source = "registry+https://github.com/rust-lang/crates.io-index"
checksum = "dc1b4cb0cc549fcf58d7dfc081778139b3d283a081644e833e84682ad71cea24"
dependencies = [
 "unicode-ident",
]

[[package]]
name = "web-sys"
version = "0.3.103"
source = "registry+https://github.com/rust-lang/crates.io-index"
checksum = "8622dcb61c0bcc9fffa6938bed81210af2da9a7e4a1a834b2e37a59b6dfb6141"
dependencies = [
 "js-sys",
 "wasm-bindgen",
]

[[package]]
name = "windows-link"
version = "0.2.1"
source = "registry+https://github.com/rust-lang/crates.io-index"
checksum = "f0805222e57f7521d6a62e36fa9163bc891acd422f971defe97d64e70d0a4fe5"

[[package]]
name = "winnow"
version = "1.0.4"
source = "registry+https://github.com/rust-lang/crates.io-index"
checksum = "23b97319f7b8343df12cc98938e5c3eb436064524c8d2b4e30a1d3a36eecdf81"
dependencies = [
 "memchr",
]

[[package]]
name = "zeroize"
version = "1.9.0"
source = "registry+https://github.com/rust-lang/crates.io-index"
checksum = "e13c156562582aa81c60cb29407084cdb54c4164760106ab78e6c5b0858cf64e"

[[package]]
name = "zmij"
version = "1.0.23"
source = "registry+https://github.com/rust-lang/crates.io-index"
checksum = "29666d0abbfad1e3dc4dcf6144730dd3a3ab225bbbdac83319345b1b44ccfc1b"
